
Microsoft Visual Studio Solution File, Format Version 12.00
# Visual Studio Version 16
VisualStudioVersion = 16.0.31402.337
MinimumVisualStudioVersion = 10.0.40219.1
Project("{FAE04EC0-301F-11D3-BF4B-00C04F79EFBC}") = "JenkinsSetExample", "JenkinsSetExample\JenkinsSetExample.csproj", "{F513968F-7D42-4ACD-869B-510D22641D4C}"
EndProject
Global
	GlobalSection(SolutionConfigurationPlatforms) = preSolution
		Debug|Any CPU = Debug|Any CPU
		Release|Any CPU = Release|Any CPU
	EndGlobalSection
	GlobalSection(ProjectConfigurationPlatforms) = postSolution
		{F513968F-7D42-4ACD-869B-510D22641D4C}.Debug|Any CPU.ActiveCfg = Debug|Any CPU
		{F513968F-7D42-4ACD-869B-510D22641D4C}.Debug|Any CPU.Build.0 = Debug|Any CPU
		{F513968F-7D42-4ACD-869B-510D22641D4C}.Release|Any CPU.ActiveCfg = Release|Any CPU
		{F513968F-7D42-4ACD-869B-510D22641D4C}.Release|Any CPU.Build.0 = Release|Any CPU
	EndGlobalSection
	GlobalSection(SolutionProperties) = preSolution
		HideSolutionNode = FALSE
	EndGlobalSection
	GlobalSection(ExtensibilityGlobals) = postSolution
		SolutionGuid = {E7892E8C-7130-4B4E-A8FD-574C196B8D59}
	EndGlobalSection
EndGlobal
